<?xml version="1.0" encoding="utf-8"?>
<Project ToolsVersion="4.0" xmlns="http://schemas.microsoft.com/developer/msbuild/2003">
  <ItemGroup>
    <Filter Include="源文件">
      <UniqueIdentifier>{4FC737F1-C7A5-4376-A066-2A32D752A2FF}</UniqueIdentifier>
      <Extensions>cpp;c;cc;cxx;c++;cppm;ixx;def;odl;idl;hpj;bat;asm;asmx</Extensions>
    </Filter>
    <Filter Include="头文件">
      <UniqueIdentifier>{93995380-89BD-4b04-88EB-625FBE52EBFB}</UniqueIdentifier>
      <Extensions>h;hh;hpp;hxx;h++;hm;inl;inc;ipp;xsd</Extensions>
    </Filter>
    <Filter Include="资源文件">
      <UniqueIdentifier>{67DA6AB6-F800-4c08-8B7A-83BB121AAD01}</UniqueIdentifier>
      <Extensions>rc;ico;cur;bmp;dlg;rc2;rct;bin;rgs;gif;jpg;jpeg;jpe;resx;tiff;tif;png;wav;mfcribbon-ms</Extensions>
    </Filter>
    <Filter Include="头文件\country">
      <UniqueIdentifier>{b949fa6f-f3a1-4f9f-937b-305b01fed59b}</UniqueIdentifier>
    </Filter>
    <Filter Include="源文件\country">
      <UniqueIdentifier>{990f2932-fd67-41f7-b6f5-11bc90f3952d}</UniqueIdentifier>
    </Filter>
  </ItemGroup>
  <ItemGroup>
    <ClCompile Include="main.cpp">
      <Filter>源文件</Filter>
    </ClCompile>
    <ClCompile Include="IND.cpp">
      <Filter>源文件\country</Filter>
    </ClCompile>
    <ClCompile Include="JPN.cpp">
      <Filter>源文件\country</Filter>
    </ClCompile>
    <ClCompile Include="utils.cpp">
      <Filter>源文件</Filter>
    </ClCompile>
    <ClCompile Include="BRA.cpp">
      <Filter>源文件\country</Filter>
    </ClCompile>
    <ClCompile Include="ESP.cpp">
      <Filter>源文件\country</Filter>
    </ClCompile>
    <ClCompile Include="MEX.cpp">
      <Filter>源文件\country</Filter>
    </ClCompile>
    <ClCompile Include="TUR.cpp">
      <Filter>源文件\country</Filter>
    </ClCompile>
  </ItemGroup>
  <ItemGroup>
    <ClInclude Include="main.h">
      <Filter>头文件</Filter>
    </ClInclude>
    <ClInclude Include="IND.h">
      <Filter>头文件\country</Filter>
    </ClInclude>
    <ClInclude Include="JPN.h">
      <Filter>头文件\country</Filter>
    </ClInclude>
    <ClInclude Include="utils.h">
      <Filter>头文件</Filter>
    </ClInclude>
    <ClInclude Include="BRA.h">
      <Filter>头文件\country</Filter>
    </ClInclude>
    <ClInclude Include="ESP.h">
      <Filter>头文件\country</Filter>
    </ClInclude>
    <ClInclude Include="MEX.h">
      <Filter>头文件\country</Filter>
    </ClInclude>
    <ClInclude Include="TUR.h">
      <Filter>头文件\country</Filter>
    </ClInclude>
  </ItemGroup>
</Project>